
Microsoft Visual Studio Solution File, Format Version 12.00
# Visual Studio Version 16
VisualStudioVersion = 16.0.30611.23
MinimumVisualStudioVersion = 10.0.40219.1
Project("{FAE04EC0-301F-11D3-BF4B-00C04F79EFBC}") = "WpfApp_Recipes", "WpfApp_Recipes\WpfApp_Recipes.csproj", "{DB08D20D-8BA8-40D2-9E59-5059D90E887E}"
EndProject
Global
	GlobalSection(SolutionConfigurationPlatforms) = preSolution
		Debug|Any CPU = Debug|Any CPU
		Release|Any CPU = Release|Any CPU
	EndGlobalSection
	GlobalSection(ProjectConfigurationPlatforms) = postSolution
		{DB08D20D-8BA8-40D2-9E59-5059D90E887E}.Debug|Any CPU.ActiveCfg = Debug|Any CPU
		{DB08D20D-8BA8-40D2-9E59-5059D90E887E}.Debug|Any CPU.Build.0 = Debug|Any CPU
		{DB08D20D-8BA8-40D2-9E59-5059D90E887E}.Release|Any CPU.ActiveCfg = Release|Any CPU
		{DB08D20D-8BA8-40D2-9E59-5059D90E887E}.Release|Any CPU.Build.0 = Release|Any CPU
	EndGlobalSection
	GlobalSection(SolutionProperties) = preSolution
		HideSolutionNode = FALSE
	EndGlobalSection
	GlobalSection(ExtensibilityGlobals) = postSolution
		SolutionGuid = {1A6D899B-BCA6-4E45-B6CB-E2916CF74581}
	EndGlobalSection
EndGlobal
